// !$*UTF8*$!
{
	archiveVersion = 1;
	classes = {
	};
	objectVersion = 46;
	objects = {

/* Begin PBXBuildFile section */
		4215ABF71A8D3DED008A5A5F /* SimpleTableViewController.m in Sources */ = {isa = PBXBuildFile; fileRef = 4215ABF61A8D3DED008A5A5F /* SimpleTableViewController.m */; };
		42996FE21A7B26E600A79F02 /* main.m in Sources */ = {isa = PBXBuildFile; fileRef = 42996FE11A7B26E600A79F02 /* main.m */; };
		42996FE51A7B26E600A79F02 /* AppDelegate.m in Sources */ = {isa = PBXBuildFile; fileRef = 42996FE41A7B26E600A79F02 /* AppDelegate.m */; };
		42996FE81A7B26E600A79F02 /* ViewController.m in Sources */ = {isa = PBXBuildFile; fileRef = 42996FE71A7B26E600A79F02 /* ViewController.m */; };
		42996FEB1A7B26E600A79F02 /* Main.storyboard in Resources */ = {isa = PBXBuildFile; fileRef = 42996FE91A7B26E600A79F02 /* Main.storyboard */; };
		42996FED1A7B26E600A79F02 /* Images.xcassets in Resources */ = {isa = PBXBuildFile; fileRef = 42996FEC1A7B26E600A79F02 /* Images.xcassets */; };
		42996FF01A7B26E600A79F02 /* LaunchScreen.xib in Resources */ = {isa = PBXBuildFile; fileRef = 42996FEE1A7B26E600A79F02 /* LaunchScreen.xib */; };
		42996FFC1A7B26E600A79F02 /* RendTests.m in Sources */ = {isa = PBXBuildFile; fileRef = 42996FFB1A7B26E600A79F02 /* RendTests.m */; };
		4299700B1A7B274700A79F02 /* Bolts.framework in Frameworks */ = {isa = PBXBuildFile; fileRef = 429970061A7B274700A79F02 /* Bolts.framework */; };
		4299700C1A7B274700A79F02 /* Parse.framework in Frameworks */ = {isa = PBXBuildFile; fileRef = 429970071A7B274700A79F02 /* Parse.framework */; };
		4299700D1A7B274700A79F02 /* ParseCrashReporting.framework in Frameworks */ = {isa = PBXBuildFile; fileRef = 429970081A7B274700A79F02 /* ParseCrashReporting.framework */; };
		4299700E1A7B274700A79F02 /* ParseFacebookUtils.framework in Frameworks */ = {isa = PBXBuildFile; fileRef = 429970091A7B274700A79F02 /* ParseFacebookUtils.framework */; };
		4299700F1A7B274700A79F02 /* ParseUI.framework in Frameworks */ = {isa = PBXBuildFile; fileRef = 4299700A1A7B274700A79F02 /* ParseUI.framework */; };
		429970111A7B277A00A79F02 /* AudioToolbox.framework in Frameworks */ = {isa = PBXBuildFile; fileRef = 429970101A7B277A00A79F02 /* AudioToolbox.framework */; };
		429970131A7B278400A79F02 /* CFNetwork.framework in Frameworks */ = {isa = PBXBuildFile; fileRef = 429970121A7B278400A79F02 /* CFNetwork.framework */; };
		429970151A7B278E00A79F02 /* CoreGraphics.framework in Frameworks */ = {isa = PBXBuildFile; fileRef = 429970141A7B278E00A79F02 /* CoreGraphics.framework */; };
		429970171A7B279700A79F02 /* CoreLocation.framework in Frameworks */ = {isa = PBXBuildFile; fileRef = 429970161A7B279700A79F02 /* CoreLocation.framework */; };
		429970191A7B27A500A79F02 /* MobileCoreServices.framework in Frameworks */ = {isa = PBXBuildFile; fileRef = 429970181A7B27A500A79F02 /* MobileCoreServices.framework */; };
		4299701B1A7B27D000A79F02 /* Security.framework in Frameworks */ = {isa = PBXBuildFile; fileRef = 4299701A1A7B27D000A79F02 /* Security.framework */; };
		4299701D1A7B27E200A79F02 /* StoreKit.framework in Frameworks */ = {isa = PBXBuildFile; fileRef = 4299701C1A7B27E200A79F02 /* StoreKit.framework */; };
		4299701F1A7B27ED00A79F02 /* SystemConfiguration.framework in Frameworks */ = {isa = PBXBuildFile; fileRef = 4299701E1A7B27ED00A79F02 /* SystemConfiguration.framework */; };
		429970211A7B27FB00A79F02 /* libz.dylib in Frameworks */ = {isa = PBXBuildFile; fileRef = 429970201A7B27FB00A79F02 /* libz.dylib */; };
		429970231A7B280500A79F02 /* libsqlite3.dylib in Frameworks */ = {isa = PBXBuildFile; fileRef = 429970221A7B280500A79F02 /* libsqlite3.dylib */; };
		429970251A7B292700A79F02 /* Accounts.framework in Frameworks */ = {isa = PBXBuildFile; fileRef = 429970241A7B292700A79F02 /* Accounts.framework */; };
		429970271A7B2A0600A79F02 /* Social.framework in Frameworks */ = {isa = PBXBuildFile; fileRef = 429970261A7B2A0600A79F02 /* Social.framework */; };
		4299702A1A7C398000A79F02 /* UIKit.framework in Frameworks */ = {isa = PBXBuildFile; fileRef = 429970281A7B2A4400A79F02 /* UIKit.framework */; };
		4299702C1A7C3E0000A79F02 /* NewEventViewController.m in Sources */ = {isa = PBXBuildFile; fileRef = 4299702B1A7C3E0000A79F02 /* NewEventViewController.m */; };
		42FE7D4A1A8C21C500803AEF /* MapKit.framework in Frameworks */ = {isa = PBXBuildFile; fileRef = 42FE7D491A8C21C500803AEF /* MapKit.framework */; };
		42FE7D4C1A8C21D200803AEF /* Foundation.framework in Frameworks */ = {isa = PBXBuildFile; fileRef = 42FE7D4B1A8C21D200803AEF /* Foundation.framework */; };
/* End PBXBuildFile section */

/* Begin PBXContainerItemProxy section */
		42996FF61A7B26E600A79F02 /* PBXContainerItemProxy */ = {
			isa = PBXContainerItemProxy;
			containerPortal = 42996FD41A7B26E500A79F02 /* Project object */;
			proxyType = 1;
			remoteGlobalIDString = 42996FDB1A7B26E500A79F02;
			remoteInfo = Rend;
		};
/* End PBXContainerItemProxy section */

/* Begin PBXFileReference section */
		4215ABF61A8D3DED008A5A5F /* SimpleTableViewController.m */ = {isa = PBXFileReference; fileEncoding = 4; lastKnownFileType = sourcecode.c.objc; path = SimpleTableViewController.m; sourceTree = "<group>"; };
		4215ABF81A8D3E3A008A5A5F /* SimpleTableViewController.h */ = {isa = PBXFileReference; lastKnownFileType = sourcecode.c.h; path = SimpleTableViewController.h; sourceTree = "<group>"; };
		42996FDC1A7B26E500A79F02 /* Rend.app */ = {isa = PBXFileReference; explicitFileType = wrapper.application; includeInIndex = 0; path = Rend.app; sourceTree = BUILT_PRODUCTS_DIR; };
		42996FE01A7B26E600A79F02 /* Info.plist */ = {isa = PBXFileReference; lastKnownFileType = text.plist.xml; path = Info.plist; sourceTree = "<group>"; };
		42996FE11A7B26E600A79F02 /* main.m */ = {isa = PBXFileReference; lastKnownFileType = sourcecode.c.objc; path = main.m; sourceTree = "<group>"; };
		42996FE31A7B26E600A79F02 /* AppDelegate.h */ = {isa = PBXFileReference; lastKnownFileType = sourcecode.c.h; path = AppDelegate.h; sourceTree = "<group>"; };
		42996FE41A7B26E600A79F02 /* AppDelegate.m */ = {isa = PBXFileReference; lastKnownFileType = sourcecode.c.objc; path = AppDelegate.m; sourceTree = "<group>"; };
		42996FE61A7B26E600A79F02 /* ViewController.h */ = {isa = PBXFileReference; lastKnownFileType = sourcecode.c.h; path = ViewController.h; sourceTree = "<group>"; };
		42996FE71A7B26E600A79F02 /* ViewController.m */ = {isa = PBXFileReference; lastKnownFileType = sourcecode.c.objc; path = ViewController.m; sourceTree = "<group>"; };
		42996FEA1A7B26E600A79F02 /* Base */ = {isa = PBXFileReference; lastKnownFileType = file.storyboard; name = Base; path = Base.lproj/Main.storyboard; sourceTree = "<group>"; };
		42996FEC1A7B26E600A79F02 /* Images.xcassets */ = {isa = PBXFileReference; lastKnownFileType = folder.assetcatalog; path = Images.xcassets; sourceTree = "<group>"; };
		42996FEF1A7B26E600A79F02 /* Base */ = {isa = PBXFileReference; lastKnownFileType = file.xib; name = Base; path = Base.lproj/LaunchScreen.xib; sourceTree = "<group>"; };
		42996FF51A7B26E600A79F02 /* RendTests.xctest */ = {isa = PBXFileReference; explicitFileType = wrapper.cfbundle; includeInIndex = 0; path = RendTests.xctest; sourceTree = BUILT_PRODUCTS_DIR; };
		42996FFA1A7B26E600A79F02 /* Info.plist */ = {isa = PBXFileReference; lastKnownFileType = text.plist.xml; path = Info.plist; sourceTree = "<group>"; };
		42996FFB1A7B26E600A79F02 /* RendTests.m */ = {isa = PBXFileReference; lastKnownFileType = sourcecode.c.objc; path = RendTests.m; sourceTree = "<group>"; };
		429970061A7B274700A79F02 /* Bolts.framework */ = {isa = PBXFileReference; lastKnownFileType = wrapper.framework; path = Bolts.framework; sourceTree = "<group>"; };
		429970071A7B274700A79F02 /* Parse.framework */ = {isa = PBXFileReference; lastKnownFileType = wrapper.framework; path = Parse.framework; sourceTree = "<group>"; };
		429970081A7B274700A79F02 /* ParseCrashReporting.framework */ = {isa = PBXFileReference; lastKnownFileType = wrapper.framework; path = ParseCrashReporting.framework; sourceTree = "<group>"; };
		429970091A7B274700A79F02 /* ParseFacebookUtils.framework */ = {isa = PBXFileReference; lastKnownFileType = wrapper.framework; path = ParseFacebookUtils.framework; sourceTree = "<group>"; };
		4299700A1A7B274700A79F02 /* ParseUI.framework */ = {isa = PBXFileReference; lastKnownFileType = wrapper.framework; path = ParseUI.framework; sourceTree = "<group>"; };
		429970101A7B277A00A79F02 /* AudioToolbox.framework */ = {isa = PBXFileReference; lastKnownFileType = wrapper.framework; name = AudioToolbox.framework; path = System/Library/Frameworks/AudioToolbox.framework; sourceTree = SDKROOT; };
		429970121A7B278400A79F02 /* CFNetwork.framework */ = {isa = PBXFileReference; lastKnownFileType = wrapper.framework; name = CFNetwork.framework; path = System/Library/Frameworks/CFNetwork.framework; sourceTree = SDKROOT; };
		429970141A7B278E00A79F02 /* CoreGraphics.framework */ = {isa = PBXFileReference; lastKnownFileType = wrapper.framework; name = CoreGraphics.framework; path = System/Library/Frameworks/CoreGraphics.framework; sourceTree = SDKROOT; };
		429970161A7B279700A79F02 /* CoreLocation.framework */ = {isa = PBXFileReference; lastKnownFileType = wrapper.framework; name = CoreLocation.framework; path = System/Library/Frameworks/CoreLocation.framework; sourceTree = SDKROOT; };
		429970181A7B27A500A79F02 /* MobileCoreServices.framework */ = {isa = PBXFileReference; lastKnownFileType = wrapper.framework; name = MobileCoreServices.framework; path = System/Library/Frameworks/MobileCoreServices.framework; sourceTree = SDKROOT; };
		4299701A1A7B27D000A79F02 /* Security.framework */ = {isa = PBXFileReference; lastKnownFileType = wrapper.framework; name = Security.framework; path = System/Library/Frameworks/Security.framework; sourceTree = SDKROOT; };
		4299701C1A7B27E200A79F02 /* StoreKit.framework */ = {isa = PBXFileReference; lastKnownFileType = wrapper.framework; name = StoreKit.framework; path = System/Library/Frameworks/StoreKit.framework; sourceTree = SDKROOT; };
		4299701E1A7B27ED00A79F02 /* SystemConfiguration.framework */ = {isa = PBXFileReference; lastKnownFileType = wrapper.framework; name = SystemConfiguration.framework; path = System/Library/Frameworks/SystemConfiguration.framework; sourceTree = SDKROOT; };
		429970201A7B27FB00A79F02 /* libz.dylib */ = {isa = PBXFileReference; lastKnownFileType = "compiled.mach-o.dylib"; name = libz.dylib; path = usr/lib/libz.dylib; sourceTree = SDKROOT; };
		429970221A7B280500A79F02 /* libsqlite3.dylib */ = {isa = PBXFileReference; lastKnownFileType = "compiled.mach-o.dylib"; name = libsqlite3.dylib; path = usr/lib/libsqlite3.dylib; sourceTree = SDKROOT; };
		429970241A7B292700A79F02 /* Accounts.framework */ = {isa = PBXFileReference; lastKnownFileType = wrapper.framework; name = Accounts.framework; path = System/Library/Frameworks/Accounts.framework; sourceTree = SDKROOT; };
		429970261A7B2A0600A79F02 /* Social.framework */ = {isa = PBXFileReference; lastKnownFileType = wrapper.framework; name = Social.framework; path = System/Library/Frameworks/Social.framework; sourceTree = SDKROOT; };
		429970281A7B2A4400A79F02 /* UIKit.framework */ = {isa = PBXFileReference; lastKnownFileType = wrapper.framework; name = UIKit.framework; path = System/Library/Frameworks/UIKit.framework; sourceTree = SDKROOT; };
		4299702B1A7C3E0000A79F02 /* NewEventViewController.m */ = {isa = PBXFileReference; fileEncoding = 4; lastKnownFileType = sourcecode.c.objc; path = NewEventViewController.m; sourceTree = "<group>"; };
		4299702D1A7C3E1E00A79F02 /* NewEventViewController.h */ = {isa = PBXFileReference; lastKnownFileType = sourcecode.c.h; path = NewEventViewController.h; sourceTree = "<group>"; };
		42FE7D491A8C21C500803AEF /* MapKit.framework */ = {isa = PBXFileReference; lastKnownFileType = wrapper.framework; name = MapKit.framework; path = System/Library/Frameworks/MapKit.framework; sourceTree = SDKROOT; };
		42FE7D4B1A8C21D200803AEF /* Foundation.framework */ = {isa = PBXFileReference; lastKnownFileType = wrapper.framework; name = Foundation.framework; path = System/Library/Frameworks/Foundation.framework; sourceTree = SDKROOT; };
		42FE7D4D1A8D359600803AEF /* Group.h */ = {isa = PBXFileReference; fileEncoding = 4; lastKnownFileType = sourcecode.c.h; path = Group.h; sourceTree = "<group>"; };
		42FE7D4F1A8D389E00803AEF /* Group.m */ = {isa = PBXFileReference; fileEncoding = 4; lastKnownFileType = sourcecode.c.objc; path = Group.m; sourceTree = "<group>"; };
/* End PBXFileReference section */

/* Begin PBXFrameworksBuildPhase section */
		42996FD91A7B26E500A79F02 /* Frameworks */ = {
			isa = PBXFrameworksBuildPhase;
			buildActionMask = 2147483647;
			files = (
				42FE7D4C1A8C21D200803AEF /* Foundation.framework in Frameworks */,
				42FE7D4A1A8C21C500803AEF /* MapKit.framework in Frameworks */,
				4299702A1A7C398000A79F02 /* UIKit.framework in Frameworks */,
				429970271A7B2A0600A79F02 /* Social.framework in Frameworks */,
				429970251A7B292700A79F02 /* Accounts.framework in Frameworks */,
				429970231A7B280500A79F02 /* libsqlite3.dylib in Frameworks */,
				429970211A7B27FB00A79F02 /* libz.dylib in Frameworks */,
				4299701F1A7B27ED00A79F02 /* SystemConfiguration.framework in Frameworks */,
				4299701D1A7B27E200A79F02 /* StoreKit.framework in Frameworks */,
				4299701B1A7B27D000A79F02 /* Security.framework in Frameworks */,
				429970191A7B27A500A79F02 /* MobileCoreServices.framework in Frameworks */,
				429970171A7B279700A79F02 /* CoreLocation.framework in Frameworks */,
				429970151A7B278E00A79F02 /* CoreGraphics.framework in Frameworks */,
				429970131A7B278400A79F02 /* CFNetwork.framework in Frameworks */,
				429970111A7B277A00A79F02 /* AudioToolbox.framework in Frameworks */,
				4299700C1A7B274700A79F02 /* Parse.framework in Frameworks */,
				4299700D1A7B274700A79F02 /* ParseCrashReporting.framework in Frameworks */,
				4299700F1A7B274700A79F02 /* ParseUI.framework in Frameworks */,
				4299700E1A7B274700A79F02 /* ParseFacebookUtils.framework in Frameworks */,
				4299700B1A7B274700A79F02 /* Bolts.framework in Frameworks */,
			);
			runOnlyForDeploymentPostprocessing = 0;
		};
		42996FF21A7B26E600A79F02 /* Frameworks */ = {
			isa = PBXFrameworksBuildPhase;
			buildActionMask = 2147483647;
			files = (
			);
			runOnlyForDeploymentPostprocessing = 0;
		};
/* End PBXFrameworksBuildPhase section */

/* Begin PBXGroup section */
		42996FD31A7B26E500A79F02 = {
			isa = PBXGroup;
			children = (
				429970051A7B272C00A79F02 /* Frameworks */,
				42996FDE1A7B26E500A79F02 /* Rend */,
				42996FF81A7B26E600A79F02 /* RendTests */,
				42996FDD1A7B26E500A79F02 /* Products */,
			);
			sourceTree = "<group>";
		};
		42996FDD1A7B26E500A79F02 /* Products */ = {
			isa = PBXGroup;
			children = (
				42996FDC1A7B26E500A79F02 /* Rend.app */,
				42996FF51A7B26E600A79F02 /* RendTests.xctest */,
			);
			name = Products;
			sourceTree = "<group>";
		};
		42996FDE1A7B26E500A79F02 /* Rend */ = {
			isa = PBXGroup;
			children = (
				42996FE31A7B26E600A79F02 /* AppDelegate.h */,
				42996FE41A7B26E600A79F02 /* AppDelegate.m */,
				42FE7D4D1A8D359600803AEF /* Group.h */,
				42FE7D4F1A8D389E00803AEF /* Group.m */,
				4215ABF61A8D3DED008A5A5F /* SimpleTableViewController.m */,
				4215ABF81A8D3E3A008A5A5F /* SimpleTableViewController.h */,
				42996FE61A7B26E600A79F02 /* ViewController.h */,
				42996FE71A7B26E600A79F02 /* ViewController.m */,
				4299702D1A7C3E1E00A79F02 /* NewEventViewController.h */,
				4299702B1A7C3E0000A79F02 /* NewEventViewController.m */,
				42996FE91A7B26E600A79F02 /* Main.storyboard */,
				42996FEC1A7B26E600A79F02 /* Images.xcassets */,
				42996FEE1A7B26E600A79F02 /* LaunchScreen.xib */,
				42996FDF1A7B26E600A79F02 /* Supporting Files */,
			);
			path = Rend;
			sourceTree = "<group>";
		};
		42996FDF1A7B26E600A79F02 /* Supporting Files */ = {
			isa = PBXGroup;
			children = (
				42996FE01A7B26E600A79F02 /* Info.plist */,
				42996FE11A7B26E600A79F02 /* main.m */,
			);
			name = "Supporting Files";
			sourceTree = "<group>";
		};
		42996FF81A7B26E600A79F02 /* RendTests */ = {
			isa = PBXGroup;
			children = (
				42996FFB1A7B26E600A79F02 /* RendTests.m */,
				42996FF91A7B26E600A79F02 /* Supporting Files */,
			);
			path = RendTests;
			sourceTree = "<group>";
		};
		42996FF91A7B26E600A79F02 /* Supporting Files */ = {
			isa = PBXGroup;
			children = (
				42996FFA1A7B26E600A79F02 /* Info.plist */,
			);
			name = "Supporting Files";
			sourceTree = "<group>";
		};
		429970051A7B272C00A79F02 /* Frameworks */ = {
			isa = PBXGroup;
			children = (
				42FE7D4B1A8C21D200803AEF /* Foundation.framework */,
				42FE7D491A8C21C500803AEF /* MapKit.framework */,
				429970281A7B2A4400A79F02 /* UIKit.framework */,
				429970261A7B2A0600A79F02 /* Social.framework */,
				429970241A7B292700A79F02 /* Accounts.framework */,
				429970221A7B280500A79F02 /* libsqlite3.dylib */,
				429970201A7B27FB00A79F02 /* libz.dylib */,
				4299701E1A7B27ED00A79F02 /* SystemConfiguration.framework */,
				4299701C1A7B27E200A79F02 /* StoreKit.framework */,
				4299701A1A7B27D000A79F02 /* Security.framework */,
				429970181A7B27A500A79F02 /* MobileCoreServices.framework */,
				429970161A7B279700A79F02 /* CoreLocation.framework */,
				429970141A7B278E00A79F02 /* CoreGraphics.framework */,
				429970121A7B278400A79F02 /* CFNetwork.framework */,
				429970101A7B277A00A79F02 /* AudioToolbox.framework */,
				429970061A7B274700A79F02 /* Bolts.framework */,
				429970071A7B274700A79F02 /* Parse.framework */,
				429970081A7B274700A79F02 /* ParseCrashReporting.framework */,
				429970091A7B274700A79F02 /* ParseFacebookUtils.framework */,
				4299700A1A7B274700A79F02 /* ParseUI.framework */,
			);
			name = Frameworks;
			sourceTree = "<group>";
		};
/* End PBXGroup section */

/* Begin PBXNativeTarget section */
		42996FDB1A7B26E500A79F02 /* Rend */ = {
			isa = PBXNativeTarget;
			buildConfigurationList = 42996FFF1A7B26E600A79F02 /* Build configuration list for PBXNativeTarget "Rend" */;
			buildPhases = (
				42996FD81A7B26E500A79F02 /* Sources */,
				42996FD91A7B26E500A79F02 /* Frameworks */,
				42996FDA1A7B26E500A79F02 /* Resources */,
			);
			buildRules = (
			);
			dependencies = (
			);
			name = Rend;
			productName = Rend;
			productReference = 42996FDC1A7B26E500A79F02 /* Rend.app */;
			productType = "com.apple.product-type.application";
		};
		42996FF41A7B26E600A79F02 /* RendTests */ = {
			isa = PBXNativeTarget;
			buildConfigurationList = 429970021A7B26E600A79F02 /* Build configuration list for PBXNativeTarget "RendTests" */;
			buildPhases = (
				42996FF11A7B26E600A79F02 /* Sources */,
				42996FF21A7B26E600A79F02 /* Frameworks */,
				42996FF31A7B26E600A79F02 /* Resources */,
			);
			buildRules = (
			);
			dependencies = (
				42996FF71A7B26E600A79F02 /* PBXTargetDependency */,
			);
			name = RendTests;
			productName = RendTests;
			productReference = 42996FF51A7B26E600A79F02 /* RendTests.xctest */;
			productType = "com.apple.product-type.bundle.unit-test";
		};
/* End PBXNativeTarget section */

/* Begin PBXProject section */
		42996FD41A7B26E500A79F02 /* Project object */ = {
			isa = PBXProject;
			attributes = {
				LastUpgradeCheck = 0610;
				ORGANIZATIONNAME = KaterinaZorko;
				TargetAttributes = {
					42996FDB1A7B26E500A79F02 = {
						CreatedOnToolsVersion = 6.1.1;
					};
					42996FF41A7B26E600A79F02 = {
						CreatedOnToolsVersion = 6.1.1;
						DevelopmentTeam = 2857SHZ53U;
						TestTargetID = 42996FDB1A7B26E500A79F02;
					};
				};
			};
			buildConfigurationList = 42996FD71A7B26E500A79F02 /* Build configuration list for PBXProject "Rend" */;
			compatibilityVersion = "Xcode 3.2";
			developmentRegion = English;
			hasScannedForEncodings = 0;
			knownRegions = (
				en,
				Base,
			);
			mainGroup = 42996FD31A7B26E500A79F02;
			productRefGroup = 42996FDD1A7B26E500A79F02 /* Products */;
			projectDirPath = "";
			projectRoot = "";
			targets = (
				42996FDB1A7B26E500A79F02 /* Rend */,
				42996FF41A7B26E600A79F02 /* RendTests */,
			);
		};
/* End PBXProject section */

/* Begin PBXResourcesBuildPhase section */
		42996FDA1A7B26E500A79F02 /* Resources */ = {
			isa = PBXResourcesBuildPhase;
			buildActionMask = 2147483647;
			files = (
				42996FEB1A7B26E600A79F02 /* Main.storyboard in Resources */,
				42996FF01A7B26E600A79F02 /* LaunchScreen.xib in Resources */,
				42996FED1A7B26E600A79F02 /* Images.xcassets in Resources */,
			);
			runOnlyForDeploymentPostprocessing = 0;
		};
		42996FF31A7B26E600A79F02 /* Resources */ = {
			isa = PBXResourcesBuildPhase;
			buildActionMask = 2147483647;
			files = (
			);
			runOnlyForDeploymentPostprocessing = 0;
		};
/* End PBXResourcesBuildPhase section */

/* Begin PBXSourcesBuildPhase section */
		42996FD81A7B26E500A79F02 /* Sources */ = {
			isa = PBXSourcesBuildPhase;
			buildActionMask = 2147483647;
			files = (
				42996FE81A7B26E600A79F02 /* ViewController.m in Sources */,
				42996FE51A7B26E600A79F02 /* AppDelegate.m in Sources */,
				4215ABF71A8D3DED008A5A5F /* SimpleTableViewController.m in Sources */,
				4299702C1A7C3E0000A79F02 /* NewEventViewController.m in Sources */,
				42996FE21A7B26E600A79F02 /* main.m in Sources */,
			);
			runOnlyForDeploymentPostprocessing = 0;
		};
		42996FF11A7B26E600A79F02 /* Sources */ = {
			isa = PBXSourcesBuildPhase;
			buildActionMask = 2147483647;
			files = (
				42996FFC1A7B26E600A79F02 /* RendTests.m in Sources */,
			);
			runOnlyForDeploymentPostprocessing = 0;
		};
/* End PBXSourcesBuildPhase section */

/* Begin PBXTargetDependency section */
		42996FF71A7B26E600A79F02 /* PBXTargetDependency */ = {
			isa = PBXTargetDependency;
			target = 42996FDB1A7B26E500A79F02 /* Rend */;
			targetProxy = 42996FF61A7B26E600A79F02 /* PBXContainerItemProxy */;
		};
/* End PBXTargetDependency section */

/* Begin PBXVariantGroup section */
		42996FE91A7B26E600A79F02 /* Main.storyboard */ = {
			isa = PBXVariantGroup;
			children = (
				42996FEA1A7B26E600A79F02 /* Base */,
			);
			name = Main.storyboard;
			sourceTree = "<group>";
		};
		42996FEE1A7B26E600A79F02 /* LaunchScreen.xib */ = {
			isa = PBXVariantGroup;
			children = (
				42996FEF1A7B26E600A79F02 /* Base */,
			);
			name = LaunchScreen.xib;
			sourceTree = "<group>";
		};
/* End PBXVariantGroup section */

/* Begin XCBuildConfiguration section */
		42996FFD1A7B26E600A79F02 /* Debug */ = {
			isa = XCBuildConfiguration;
			buildSettings = {
				ALWAYS_SEARCH_USER_PATHS = NO;
				CLANG_CXX_LANGUAGE_STANDARD = "gnu++0x";
				CLANG_CXX_LIBRARY = "libc++";
				CLANG_ENABLE_MODULES = YES;
				CLANG_ENABLE_OBJC_ARC = YES;
				CLANG_WARN_BOOL_CONVERSION = YES;
				CLANG_WARN_CONSTANT_CONVERSION = YES;
				CLANG_WARN_DIRECT_OBJC_ISA_USAGE = YES_ERROR;
				CLANG_WARN_EMPTY_BODY = YES;
				CLANG_WARN_ENUM_CONVERSION = YES;
				CLANG_WARN_INT_CONVERSION = YES;
				CLANG_WARN_OBJC_ROOT_CLASS = YES_ERROR;
				CLANG_WARN_UNREACHABLE_CODE = YES;
				CLANG_WARN__DUPLICATE_METHOD_MATCH = YES;
				CODE_SIGN_IDENTITY = "iPhone Developer: Katerina Zorko (742UAC6T6J)";
				"CODE_SIGN_IDENTITY[sdk=iphoneos*]" = "iPhone Developer: Katerina Zorko (742UAC6T6J)";
				COPY_PHASE_STRIP = NO;
				ENABLE_STRICT_OBJC_MSGSEND = YES;
				GCC_C_LANGUAGE_STANDARD = gnu99;
				GCC_DYNAMIC_NO_PIC = NO;
				GCC_OPTIMIZATION_LEVEL = 0;
				GCC_PREPROCESSOR_DEFINITIONS = (
					"DEBUG=1",
					"$(inherited)",
				);
				GCC_SYMBOLS_PRIVATE_EXTERN = NO;
				GCC_WARN_64_TO_32_BIT_CONVERSION = YES;
				GCC_WARN_ABOUT_RETURN_TYPE = YES_ERROR;
				GCC_WARN_UNDECLARED_SELECTOR = YES;
				GCC_WARN_UNINITIALIZED_AUTOS = YES_AGGRESSIVE;
				GCC_WARN_UNUSED_FUNCTION = YES;
				GCC_WARN_UNUSED_VARIABLE = YES;
				IPHONEOS_DEPLOYMENT_TARGET = 7.1;
				MTL_ENABLE_DEBUG_INFO = YES;
				ONLY_ACTIVE_ARCH = YES;
				PROVISIONING_PROFILE = "df18fa05-9e2f-426d-8883-c4d37ea151c8";
				SDKROOT = iphoneos;
			};
			name = Debug;
		};
		42996FFE1A7B26E600A79F02 /* Release */ = {
			isa = XCBuildConfiguration;
			buildSettings = {
				ALWAYS_SEARCH_USER_PATHS = NO;
				CLANG_CXX_LANGUAGE_STANDARD = "gnu++0x";
				CLANG_CXX_LIBRARY = "libc++";
				CLANG_ENABLE_MODULES = YES;
				CLANG_ENABLE_OBJC_ARC = YES;
				CLANG_WARN_BOOL_CONVERSION = YES;
				CLANG_WARN_CONSTANT_CONVERSION = YES;
				CLANG_WARN_DIRECT_OBJC_ISA_USAGE = YES_ERROR;
				CLANG_WARN_EMPTY_BODY = YES;
				CLANG_WARN_ENUM_CONVERSION = YES;
				CLANG_WARN_INT_CONVERSION = YES;
				CLANG_WARN_OBJC_ROOT_CLASS = YES_ERROR;
				CLANG_WARN_UNREACHABLE_CODE = YES;
				CLANG_WARN__DUPLICATE_METHOD_MATCH = YES;
				CODE_SIGN_IDENTITY = "iPhone Developer: Katerina Zorko (742UAC6T6J)";
				"CODE_SIGN_IDENTITY[sdk=iphoneos*]" = "iPhone Developer: Katerina Zorko (742UAC6T6J)";
				COPY_PHASE_STRIP = YES;
				ENABLE_NS_ASSERTIONS = NO;
				ENABLE_STRICT_OBJC_MSGSEND = YES;
				GCC_C_LANGUAGE_STANDARD = gnu99;
				GCC_WARN_64_TO_32_BIT_CONVERSION = YES;
				GCC_WARN_ABOUT_RETURN_TYPE = YES_ERROR;
				GCC_WARN_UNDECLARED_SELECTOR = YES;
				GCC_WARN_UNINITIALIZED_AUTOS = YES_AGGRESSIVE;
				GCC_WARN_UNUSED_FUNCTION = YES;
				GCC_WARN_UNUSED_VARIABLE = YES;
				IPHONEOS_DEPLOYMENT_TARGET = 7.1;
				MTL_ENABLE_DEBUG_INFO = NO;
				PROVISIONING_PROFILE = "df18fa05-9e2f-426d-8883-c4d37ea151c8";
				SDKROOT = iphoneos;
				VALIDATE_PRODUCT = YES;
			};
			name = Release;
		};
		429970001A7B26E600A79F02 /* Debug */ = {
			isa = XCBuildConfiguration;
			buildSettings = {
				ASSETCATALOG_COMPILER_APPICON_NAME = AppIcon;
				FRAMEWORK_SEARCH_PATHS = (
					"$(inherited)",
					"$(PROJECT_DIR)",
				);
				INFOPLIST_FILE = Rend/Info.plist;
				IPHONEOS_DEPLOYMENT_TARGET = 7.1;
				LD_RUNPATH_SEARCH_PATHS = "$(inherited) @executable_path/Frameworks";
				PRODUCT_NAME = "$(TARGET_NAME)";
				PROVISIONING_PROFILE = "df18fa05-9e2f-426d-8883-c4d37ea151c8";
			};
			name = Debug;
		};
		429970011A7B26E600A79F02 /* Release */ = {
			isa = XCBuildConfiguration;
			buildSettings = {
				ASSETCATALOG_COMPILER_APPICON_NAME = AppIcon;
				FRAMEWORK_SEARCH_PATHS = (
					"$(inherited)",
					"$(PROJECT_DIR)",
				);
				INFOPLIST_FILE = Rend/Info.plist;
				IPHONEOS_DEPLOYMENT_TARGET = 7.1;
				LD_RUNPATH_SEARCH_PATHS = "$(inherited) @executable_path/Frameworks";
				PRODUCT_NAME = "$(TARGET_NAME)";
				PROVISIONING_PROFILE = "df18fa05-9e2f-426d-8883-c4d37ea151c8";
			};
			name = Release;
		};
		429970031A7B26E600A79F02 /* Debug */ = {
			isa = XCBuildConfiguration;
			buildSettings = {
				BUNDLE_LOADER = "$(TEST_HOST)";
				CODE_SIGN_IDENTITY = "iPhone Developer";
				"CODE_SIGN_IDENTITY[sdk=iphoneos*]" = "iPhone Developer";
				FRAMEWORK_SEARCH_PATHS = (
					"$(SDKROOT)/Developer/Library/Frameworks",
					"$(inherited)",
				);
				GCC_PREPROCESSOR_DEFINITIONS = (
					"DEBUG=1",
					"$(inherited)",
				);
				INFOPLIST_FILE = RendTests/Info.plist;
				LD_RUNPATH_SEARCH_PATHS = "$(inherited) @executable_path/Frameworks @loader_path/Frameworks";
				PRODUCT_NAME = "$(TARGET_NAME)";
				PROVISIONING_PROFILE = "";
				TEST_HOST = "$(BUILT_PRODUCTS_DIR)/Rend.app/Rend";
			};
			name = Debug;
		};
		429970041A7B26E600A79F02 /* Release */ = {
			isa = XCBuildConfiguration;
			buildSettings = {
				BUNDLE_LOADER = "$(TEST_HOST)";
				CODE_SIGN_IDENTITY = "iPhone Developer";
				"CODE_SIGN_IDENTITY[sdk=iphoneos*]" = "iPhone Developer";
				FRAMEWORK_SEARCH_PATHS = (
					"$(SDKROOT)/Developer/Library/Frameworks",
					"$(inherited)",
				);
				INFOPLIST_FILE = RendTests/Info.plist;
				LD_RUNPATH_SEARCH_PATHS = "$(inherited) @executable_path/Frameworks @loader_path/Frameworks";
				PRODUCT_NAME = "$(TARGET_NAME)";
				PROVISIONING_PROFILE = "";
				TEST_HOST = "$(BUILT_PRODUCTS_DIR)/Rend.app/Rend";
			};
			name = Release;
		};
/* End XCBuildConfiguration section */

/* Begin XCConfigurationList section */
		42996FD71A7B26E500A79F02 /* Build configuration list for PBXProject "Rend" */ = {
			isa = XCConfigurationList;
			buildConfigurations = (
				42996FFD1A7B26E600A79F02 /* Debug */,
				42996FFE1A7B26E600A79F02 /* Release */,
			);
			defaultConfigurationIsVisible = 0;
			defaultConfigurationName = Release;
		};
		42996FFF1A7B26E600A79F02 /* Build configuration list for PBXNativeTarget "Rend" */ = {
			isa = XCConfigurationList;
			buildConfigurations = (
				429970001A7B26E600A79F02 /* Debug */,
				429970011A7B26E600A79F02 /* Release */,
			);
			defaultConfigurationIsVisible = 0;
			defaultConfigurationName = Release;
		};
		429970021A7B26E600A79F02 /* Build configuration list for PBXNativeTarget "RendTests" */ = {
			isa = XCConfigurationList;
			buildConfigurations = (
				429970031A7B26E600A79F02 /* Debug */,
				429970041A7B26E600A79F02 /* Release */,
			);
			defaultConfigurationIsVisible = 0;
			defaultConfigurationName = Release;
		};
/* End XCConfigurationList section */
	};
	rootObject = 42996FD41A7B26E500A79F02 /* Project object */;
}
